// !$*UTF8*$!
{
	archiveVersion = 1;
	classes = {
	};
	objectVersion = 56;
	objects = {

/* Begin PBXBuildFile section */
		43DCCB412AF88BEE009A4528 /* AppDelegate.swift in Sources */ = {isa = PBXBuildFile; fileRef = 43DCCB402AF88BEE009A4528 /* AppDelegate.swift */; };
		43DCCB432AF88BEE009A4528 /* SceneDelegate.swift in Sources */ = {isa = PBXBuildFile; fileRef = 43DCCB422AF88BEE009A4528 /* SceneDelegate.swift */; };
		43DCCB452AF88BEE009A4528 /* ColelctionCompositionViewController.swift in Sources */ = {isa = PBXBuildFile; fileRef = 43DCCB442AF88BEE009A4528 /* ColelctionCompositionViewController.swift */; };
		43DCCB482AF88BEE009A4528 /* Main.storyboard in Resources */ = {isa = PBXBuildFile; fileRef = 43DCCB462AF88BEE009A4528 /* Main.storyboard */; };
		43DCCB4A2AF88BEF009A4528 /* Assets.xcassets in Resources */ = {isa = PBXBuildFile; fileRef = 43DCCB492AF88BEF009A4528 /* Assets.xcassets */; };
		43DCCB4D2AF88BEF009A4528 /* LaunchScreen.storyboard in Resources */ = {isa = PBXBuildFile; fileRef = 43DCCB4B2AF88BEF009A4528 /* LaunchScreen.storyboard */; };
		43DCCB582AF88BF0009A4528 /* CollectionCompositionalLayoutTests.swift in Sources */ = {isa = PBXBuildFile; fileRef = 43DCCB572AF88BF0009A4528 /* CollectionCompositionalLayoutTests.swift */; };
		43DCCB622AF88BF0009A4528 /* CollectionCompositionalLayoutUITests.swift in Sources */ = {isa = PBXBuildFile; fileRef = 43DCCB612AF88BF0009A4528 /* CollectionCompositionalLayoutUITests.swift */; };
		43DCCB642AF88BF0009A4528 /* CollectionCompositionalLayoutUITestsLaunchTests.swift in Sources */ = {isa = PBXBuildFile; fileRef = 43DCCB632AF88BF0009A4528 /* CollectionCompositionalLayoutUITestsLaunchTests.swift */; };
		43DCCB712AF8987E009A4528 /* Model.swift in Sources */ = {isa = PBXBuildFile; fileRef = 43DCCB702AF8987E009A4528 /* Model.swift */; };
		43DCCB732AF8A1EE009A4528 /* CompositionalGridCell.swift in Sources */ = {isa = PBXBuildFile; fileRef = 43DCCB722AF8A1EE009A4528 /* CompositionalGridCell.swift */; };
		43DCCB752AF8EC70009A4528 /* CollectionCompositionalLayout.swift in Sources */ = {isa = PBXBuildFile; fileRef = 43DCCB742AF8EC70009A4528 /* CollectionCompositionalLayout.swift */; };
		43DCCB772AF8EF3E009A4528 /* Datamanager.swift in Sources */ = {isa = PBXBuildFile; fileRef = 43DCCB762AF8EF3E009A4528 /* Datamanager.swift */; };
		43DCCB792AF8FE3D009A4528 /* SectionHeaderView.swift in Sources */ = {isa = PBXBuildFile; fileRef = 43DCCB782AF8FE3D009A4528 /* SectionHeaderView.swift */; };
/* End PBXBuildFile section */

/* Begin PBXContainerItemProxy section */
		43DCCB542AF88BF0009A4528 /* PBXContainerItemProxy */ = {
			isa = PBXContainerItemProxy;
			containerPortal = 43DCCB352AF88BEE009A4528 /* Project object */;
			proxyType = 1;
			remoteGlobalIDString = 43DCCB3C2AF88BEE009A4528;
			remoteInfo = CollectionCompositionalLayout;
		};
		43DCCB5E2AF88BF0009A4528 /* PBXContainerItemProxy */ = {
			isa = PBXContainerItemProxy;
			containerPortal = 43DCCB352AF88BEE009A4528 /* Project object */;
			proxyType = 1;
			remoteGlobalIDString = 43DCCB3C2AF88BEE009A4528;
			remoteInfo = CollectionCompositionalLayout;
		};
/* End PBXContainerItemProxy section */

/* Begin PBXFileReference section */
		43DCCB3D2AF88BEE009A4528 /* CollectionCompositionalLayout.app */ = {isa = PBXFileReference; explicitFileType = wrapper.application; includeInIndex = 0; path = CollectionCompositionalLayout.app; sourceTree = BUILT_PRODUCTS_DIR; };
		43DCCB402AF88BEE009A4528 /* AppDelegate.swift */ = {isa = PBXFileReference; lastKnownFileType = sourcecode.swift; path = AppDelegate.swift; sourceTree = "<group>"; };
		43DCCB422AF88BEE009A4528 /* SceneDelegate.swift */ = {isa = PBXFileReference; lastKnownFileType = sourcecode.swift; path = SceneDelegate.swift; sourceTree = "<group>"; };
		43DCCB442AF88BEE009A4528 /* ColelctionCompositionViewController.swift */ = {isa = PBXFileReference; lastKnownFileType = sourcecode.swift; path = ColelctionCompositionViewController.swift; sourceTree = "<group>"; };
		43DCCB472AF88BEE009A4528 /* Base */ = {isa = PBXFileReference; lastKnownFileType = file.storyboard; name = Base; path = Base.lproj/Main.storyboard; sourceTree = "<group>"; };
		43DCCB492AF88BEF009A4528 /* Assets.xcassets */ = {isa = PBXFileReference; lastKnownFileType = folder.assetcatalog; path = Assets.xcassets; sourceTree = "<group>"; };
		43DCCB4C2AF88BEF009A4528 /* Base */ = {isa = PBXFileReference; lastKnownFileType = file.storyboard; name = Base; path = Base.lproj/LaunchScreen.storyboard; sourceTree = "<group>"; };
		43DCCB4E2AF88BEF009A4528 /* Info.plist */ = {isa = PBXFileReference; lastKnownFileType = text.plist.xml; path = Info.plist; sourceTree = "<group>"; };
		43DCCB532AF88BF0009A4528 /* CollectionCompositionalLayoutTests.xctest */ = {isa = PBXFileReference; explicitFileType = wrapper.cfbundle; includeInIndex = 0; path = CollectionCompositionalLayoutTests.xctest; sourceTree = BUILT_PRODUCTS_DIR; };
		43DCCB572AF88BF0009A4528 /* CollectionCompositionalLayoutTests.swift */ = {isa = PBXFileReference; lastKnownFileType = sourcecode.swift; path = CollectionCompositionalLayoutTests.swift; sourceTree = "<group>"; };
		43DCCB5D2AF88BF0009A4528 /* CollectionCompositionalLayoutUITests.xctest */ = {isa = PBXFileReference; explicitFileType = wrapper.cfbundle; includeInIndex = 0; path = CollectionCompositionalLayoutUITests.xctest; sourceTree = BUILT_PRODUCTS_DIR; };
		43DCCB612AF88BF0009A4528 /* CollectionCompositionalLayoutUITests.swift */ = {isa = PBXFileReference; lastKnownFileType = sourcecode.swift; path = CollectionCompositionalLayoutUITests.swift; sourceTree = "<group>"; };
		43DCCB632AF88BF0009A4528 /* CollectionCompositionalLayoutUITestsLaunchTests.swift */ = {isa = PBXFileReference; lastKnownFileType = sourcecode.swift; path = CollectionCompositionalLayoutUITestsLaunchTests.swift; sourceTree = "<group>"; };
		43DCCB702AF8987E009A4528 /* Model.swift */ = {isa = PBXFileReference; lastKnownFileType = sourcecode.swift; path = Model.swift; sourceTree = "<group>"; };
		43DCCB722AF8A1EE009A4528 /* CompositionalGridCell.swift */ = {isa = PBXFileReference; lastKnownFileType = sourcecode.swift; path = CompositionalGridCell.swift; sourceTree = "<group>"; };
		43DCCB742AF8EC70009A4528 /* CollectionCompositionalLayout.swift */ = {isa = PBXFileReference; lastKnownFileType = sourcecode.swift; path = CollectionCompositionalLayout.swift; sourceTree = "<group>"; };
		43DCCB762AF8EF3E009A4528 /* Datamanager.swift */ = {isa = PBXFileReference; lastKnownFileType = sourcecode.swift; path = Datamanager.swift; sourceTree = "<group>"; };
		43DCCB782AF8FE3D009A4528 /* SectionHeaderView.swift */ = {isa = PBXFileReference; lastKnownFileType = sourcecode.swift; path = SectionHeaderView.swift; sourceTree = "<group>"; };
/* End PBXFileReference section */

/* Begin PBXFrameworksBuildPhase section */
		43DCCB3A2AF88BEE009A4528 /* Frameworks */ = {
			isa = PBXFrameworksBuildPhase;
			buildActionMask = 2147483647;
			files = (
			);
			runOnlyForDeploymentPostprocessing = 0;
		};
		43DCCB502AF88BF0009A4528 /* Frameworks */ = {
			isa = PBXFrameworksBuildPhase;
			buildActionMask = 2147483647;
			files = (
			);
			runOnlyForDeploymentPostprocessing = 0;
		};
		43DCCB5A2AF88BF0009A4528 /* Frameworks */ = {
			isa = PBXFrameworksBuildPhase;
			buildActionMask = 2147483647;
			files = (
			);
			runOnlyForDeploymentPostprocessing = 0;
		};
/* End PBXFrameworksBuildPhase section */

/* Begin PBXGroup section */
		43DCCB342AF88BEE009A4528 = {
			isa = PBXGroup;
			children = (
				43DCCB3F2AF88BEE009A4528 /* CollectionCompositionalLayout */,
				43DCCB562AF88BF0009A4528 /* CollectionCompositionalLayoutTests */,
				43DCCB602AF88BF0009A4528 /* CollectionCompositionalLayoutUITests */,
				43DCCB3E2AF88BEE009A4528 /* Products */,
			);
			sourceTree = "<group>";
		};
		43DCCB3E2AF88BEE009A4528 /* Products */ = {
			isa = PBXGroup;
			children = (
				43DCCB3D2AF88BEE009A4528 /* CollectionCompositionalLayout.app */,
				43DCCB532AF88BF0009A4528 /* CollectionCompositionalLayoutTests.xctest */,
				43DCCB5D2AF88BF0009A4528 /* CollectionCompositionalLayoutUITests.xctest */,
			);
			name = Products;
			sourceTree = "<group>";
		};
		43DCCB3F2AF88BEE009A4528 /* CollectionCompositionalLayout */ = {
			isa = PBXGroup;
			children = (
				43DCCB7D2AF91261009A4528 /* Manager */,
				43DCCB7C2AF91259009A4528 /* View */,
				43DCCB7B2AF91251009A4528 /* Model */,
				43DCCB7A2AF91248009A4528 /* ViewController */,
				43DCCB402AF88BEE009A4528 /* AppDelegate.swift */,
				43DCCB422AF88BEE009A4528 /* SceneDelegate.swift */,
				43DCCB462AF88BEE009A4528 /* Main.storyboard */,
				43DCCB492AF88BEF009A4528 /* Assets.xcassets */,
				43DCCB4B2AF88BEF009A4528 /* LaunchScreen.storyboard */,
				43DCCB4E2AF88BEF009A4528 /* Info.plist */,
			);
			path = CollectionCompositionalLayout;
			sourceTree = "<group>";
		};
		43DCCB562AF88BF0009A4528 /* CollectionCompositionalLayoutTests */ = {
			isa = PBXGroup;
			children = (
				43DCCB572AF88BF0009A4528 /* CollectionCompositionalLayoutTests.swift */,
			);
			path = CollectionCompositionalLayoutTests;
			sourceTree = "<group>";
		};
		43DCCB602AF88BF0009A4528 /* CollectionCompositionalLayoutUITests */ = {
			isa = PBXGroup;
			children = (
				43DCCB612AF88BF0009A4528 /* CollectionCompositionalLayoutUITests.swift */,
				43DCCB632AF88BF0009A4528 /* CollectionCompositionalLayoutUITestsLaunchTests.swift */,
			);
			path = CollectionCompositionalLayoutUITests;
			sourceTree = "<group>";
		};
		43DCCB7A2AF91248009A4528 /* ViewController */ = {
			isa = PBXGroup;
			children = (
				43DCCB442AF88BEE009A4528 /* ColelctionCompositionViewController.swift */,
			);
			path = ViewController;
			sourceTree = "<group>";
		};
		43DCCB7B2AF91251009A4528 /* Model */ = {
			isa = PBXGroup;
			children = (
				43DCCB702AF8987E009A4528 /* Model.swift */,
			);
			path = Model;
			sourceTree = "<group>";
		};
		43DCCB7C2AF91259009A4528 /* View */ = {
			isa = PBXGroup;
			children = (
				43DCCB722AF8A1EE009A4528 /* CompositionalGridCell.swift */,
				43DCCB782AF8FE3D009A4528 /* SectionHeaderView.swift */,
				43DCCB742AF8EC70009A4528 /* CollectionCompositionalLayout.swift */,
			);
			path = View;
			sourceTree = "<group>";
		};
		43DCCB7D2AF91261009A4528 /* Manager */ = {
			isa = PBXGroup;
			children = (
				43DCCB762AF8EF3E009A4528 /* Datamanager.swift */,
			);
			path = Manager;
			sourceTree = "<group>";
		};
/* End PBXGroup section */

/* Begin PBXNativeTarget section */
		43DCCB3C2AF88BEE009A4528 /* CollectionCompositionalLayout */ = {
			isa = PBXNativeTarget;
			buildConfigurationList = 43DCCB672AF88BF0009A4528 /* Build configuration list for PBXNativeTarget "CollectionCompositionalLayout" */;
			buildPhases = (
				43DCCB392AF88BEE009A4528 /* Sources */,
				43DCCB3A2AF88BEE009A4528 /* Frameworks */,
				43DCCB3B2AF88BEE009A4528 /* Resources */,
			);
			buildRules = (
			);
			dependencies = (
			);
			name = CollectionCompositionalLayout;
			productName = CollectionCompositionalLayout;
			productReference = 43DCCB3D2AF88BEE009A4528 /* CollectionCompositionalLayout.app */;
			productType = "com.apple.product-type.application";
		};
		43DCCB522AF88BF0009A4528 /* CollectionCompositionalLayoutTests */ = {
			isa = PBXNativeTarget;
			buildConfigurationList = 43DCCB6A2AF88BF0009A4528 /* Build configuration list for PBXNativeTarget "CollectionCompositionalLayoutTests" */;
			buildPhases = (
				43DCCB4F2AF88BF0009A4528 /* Sources */,
				43DCCB502AF88BF0009A4528 /* Frameworks */,
				43DCCB512AF88BF0009A4528 /* Resources */,
			);
			buildRules = (
			);
			dependencies = (
				43DCCB552AF88BF0009A4528 /* PBXTargetDependency */,
			);
			name = CollectionCompositionalLayoutTests;
			productName = CollectionCompositionalLayoutTests;
			productReference = 43DCCB532AF88BF0009A4528 /* CollectionCompositionalLayoutTests.xctest */;
			productType = "com.apple.product-type.bundle.unit-test";
		};
		43DCCB5C2AF88BF0009A4528 /* CollectionCompositionalLayoutUITests */ = {
			isa = PBXNativeTarget;
			buildConfigurationList = 43DCCB6D2AF88BF0009A4528 /* Build configuration list for PBXNativeTarget "CollectionCompositionalLayoutUITests" */;
			buildPhases = (
				43DCCB592AF88BF0009A4528 /* Sources */,
				43DCCB5A2AF88BF0009A4528 /* Frameworks */,
				43DCCB5B2AF88BF0009A4528 /* Resources */,
			);
			buildRules = (
			);
			dependencies = (
				43DCCB5F2AF88BF0009A4528 /* PBXTargetDependency */,
			);
			name = CollectionCompositionalLayoutUITests;
			productName = CollectionCompositionalLayoutUITests;
			productReference = 43DCCB5D2AF88BF0009A4528 /* CollectionCompositionalLayoutUITests.xctest */;
			productType = "com.apple.product-type.bundle.ui-testing";
		};
/* End PBXNativeTarget section */

/* Begin PBXProject section */
		43DCCB352AF88BEE009A4528 /* Project object */ = {
			isa = PBXProject;
			attributes = {
				BuildIndependentTargetsInParallel = 1;
				LastSwiftUpdateCheck = 1430;
				LastUpgradeCheck = 1430;
				TargetAttributes = {
					43DCCB3C2AF88BEE009A4528 = {
						CreatedOnToolsVersion = 14.3.1;
					};
					43DCCB522AF88BF0009A4528 = {
						CreatedOnToolsVersion = 14.3.1;
						TestTargetID = 43DCCB3C2AF88BEE009A4528;
					};
					43DCCB5C2AF88BF0009A4528 = {
						CreatedOnToolsVersion = 14.3.1;
						TestTargetID = 43DCCB3C2AF88BEE009A4528;
					};
				};
			};
			buildConfigurationList = 43DCCB382AF88BEE009A4528 /* Build configuration list for PBXProject "CollectionCompositionalLayout" */;
			compatibilityVersion = "Xcode 14.0";
			developmentRegion = en;
			hasScannedForEncodings = 0;
			knownRegions = (
				en,
				Base,
			);
			mainGroup = 43DCCB342AF88BEE009A4528;
			productRefGroup = 43DCCB3E2AF88BEE009A4528 /* Products */;
			projectDirPath = "";
			projectRoot = "";
			targets = (
				43DCCB3C2AF88BEE009A4528 /* CollectionCompositionalLayout */,
				43DCCB522AF88BF0009A4528 /* CollectionCompositionalLayoutTests */,
				43DCCB5C2AF88BF0009A4528 /* CollectionCompositionalLayoutUITests */,
			);
		};
/* End PBXProject section */

/* Begin PBXResourcesBuildPhase section */
		43DCCB3B2AF88BEE009A4528 /* Resources */ = {
			isa = PBXResourcesBuildPhase;
			buildActionMask = 2147483647;
			files = (
				43DCCB4D2AF88BEF009A4528 /* LaunchScreen.storyboard in Resources */,
				43DCCB4A2AF88BEF009A4528 /* Assets.xcassets in Resources */,
				43DCCB482AF88BEE009A4528 /* Main.storyboard in Resources */,
			);
			runOnlyForDeploymentPostprocessing = 0;
		};
		43DCCB512AF88BF0009A4528 /* Resources */ = {
			isa = PBXResourcesBuildPhase;
			buildActionMask = 2147483647;
			files = (
			);
			runOnlyForDeploymentPostprocessing = 0;
		};
		43DCCB5B2AF88BF0009A4528 /* Resources */ = {
			isa = PBXResourcesBuildPhase;
			buildActionMask = 2147483647;
			files = (
			);
			runOnlyForDeploymentPostprocessing = 0;
		};
/* End PBXResourcesBuildPhase section */

/* Begin PBXSourcesBuildPhase section */
		43DCCB392AF88BEE009A4528 /* Sources */ = {
			isa = PBXSourcesBuildPhase;
			buildActionMask = 2147483647;
			files = (
				43DCCB772AF8EF3E009A4528 /* Datamanager.swift in Sources */,
				43DCCB452AF88BEE009A4528 /* ColelctionCompositionViewController.swift in Sources */,
				43DCCB412AF88BEE009A4528 /* AppDelegate.swift in Sources */,
				43DCCB792AF8FE3D009A4528 /* SectionHeaderView.swift in Sources */,
				43DCCB432AF88BEE009A4528 /* SceneDelegate.swift in Sources */,
				43DCCB752AF8EC70009A4528 /* CollectionCompositionalLayout.swift in Sources */,
				43DCCB712AF8987E009A4528 /* Model.swift in Sources */,
				43DCCB732AF8A1EE009A4528 /* CompositionalGridCell.swift in Sources */,
			);
			runOnlyForDeploymentPostprocessing = 0;
		};
		43DCCB4F2AF88BF0009A4528 /* Sources */ = {
			isa = PBXSourcesBuildPhase;
			buildActionMask = 2147483647;
			files = (
				43DCCB582AF88BF0009A4528 /* CollectionCompositionalLayoutTests.swift in Sources */,
			);
			runOnlyForDeploymentPostprocessing = 0;
		};
		43DCCB592AF88BF0009A4528 /* Sources */ = {
			isa = PBXSourcesBuildPhase;
			buildActionMask = 2147483647;
			files = (
				43DCCB642AF88BF0009A4528 /* CollectionCompositionalLayoutUITestsLaunchTests.swift in Sources */,
				43DCCB622AF88BF0009A4528 /* CollectionCompositionalLayoutUITests.swift in Sources */,
			);
			runOnlyForDeploymentPostprocessing = 0;
		};
/* End PBXSourcesBuildPhase section */

/* Begin PBXTargetDependency section */
		43DCCB552AF88BF0009A4528 /* PBXTargetDependency */ = {
			isa = PBXTargetDependency;
			target = 43DCCB3C2AF88BEE009A4528 /* CollectionCompositionalLayout */;
			targetProxy = 43DCCB542AF88BF0009A4528 /* PBXContainerItemProxy */;
		};
		43DCCB5F2AF88BF0009A4528 /* PBXTargetDependency */ = {
			isa = PBXTargetDependency;
			target = 43DCCB3C2AF88BEE009A4528 /* CollectionCompositionalLayout */;
			targetProxy = 43DCCB5E2AF88BF0009A4528 /* PBXContainerItemProxy */;
		};
/* End PBXTargetDependency section */

/* Begin PBXVariantGroup section */
		43DCCB462AF88BEE009A4528 /* Main.storyboard */ = {
			isa = PBXVariantGroup;
			children = (
				43DCCB472AF88BEE009A4528 /* Base */,
			);
			name = Main.storyboard;
			sourceTree = "<group>";
		};
		43DCCB4B2AF88BEF009A4528 /* LaunchScreen.storyboard */ = {
			isa = PBXVariantGroup;
			children = (
				43DCCB4C2AF88BEF009A4528 /* Base */,
			);
			name = LaunchScreen.storyboard;
			sourceTree = "<group>";
		};
/* End PBXVariantGroup section */

/* Begin XCBuildConfiguration section */
		43DCCB652AF88BF0009A4528 /* Debug */ = {
			isa = XCBuildConfiguration;
			buildSettings = {
				ALWAYS_SEARCH_USER_PATHS = NO;
				CLANG_ANALYZER_NONNULL = YES;
				CLANG_ANALYZER_NUMBER_OBJECT_CONVERSION = YES_AGGRESSIVE;
				CLANG_CXX_LANGUAGE_STANDARD = "gnu++20";
				CLANG_ENABLE_MODULES = YES;
				CLANG_ENABLE_OBJC_ARC = YES;
				CLANG_ENABLE_OBJC_WEAK = YES;
				CLANG_WARN_BLOCK_CAPTURE_AUTORELEASING = YES;
				CLANG_WARN_BOOL_CONVERSION = YES;
				CLANG_WARN_COMMA = YES;
				CLANG_WARN_CONSTANT_CONVERSION = YES;
				CLANG_WARN_DEPRECATED_OBJC_IMPLEMENTATIONS = YES;
				CLANG_WARN_DIRECT_OBJC_ISA_USAGE = YES_ERROR;
				CLANG_WARN_DOCUMENTATION_COMMENTS = YES;
				CLANG_WARN_EMPTY_BODY = YES;
				CLANG_WARN_ENUM_CONVERSION = YES;
				CLANG_WARN_INFINITE_RECURSION = YES;
				CLANG_WARN_INT_CONVERSION = YES;
				CLANG_WARN_NON_LITERAL_NULL_CONVERSION = YES;
				CLANG_WARN_OBJC_IMPLICIT_RETAIN_SELF = YES;
				CLANG_WARN_OBJC_LITERAL_CONVERSION = YES;
				CLANG_WARN_OBJC_ROOT_CLASS = YES_ERROR;
				CLANG_WARN_QUOTED_INCLUDE_IN_FRAMEWORK_HEADER = YES;
				CLANG_WARN_RANGE_LOOP_ANALYSIS = YES;
				CLANG_WARN_STRICT_PROTOTYPES = YES;
				CLANG_WARN_SUSPICIOUS_MOVE = YES;
				CLANG_WARN_UNGUARDED_AVAILABILITY = YES_AGGRESSIVE;
				CLANG_WARN_UNREACHABLE_CODE = YES;
				CLANG_WARN__DUPLICATE_METHOD_MATCH = YES;
				COPY_PHASE_STRIP = NO;
				DEBUG_INFORMATION_FORMAT = dwarf;
				ENABLE_STRICT_OBJC_MSGSEND = YES;
				ENABLE_TESTABILITY = YES;
				GCC_C_LANGUAGE_STANDARD = gnu11;
				GCC_DYNAMIC_NO_PIC = NO;
				GCC_NO_COMMON_BLOCKS = YES;
				GCC_OPTIMIZATION_LEVEL = 0;
				GCC_PREPROCESSOR_DEFINITIONS = (
					"DEBUG=1",
					"$(inherited)",
				);
				GCC_WARN_64_TO_32_BIT_CONVERSION = YES;
				GCC_WARN_ABOUT_RETURN_TYPE = YES_ERROR;
				GCC_WARN_UNDECLARED_SELECTOR = YES;
				GCC_WARN_UNINITIALIZED_AUTOS = YES_AGGRESSIVE;
				GCC_WARN_UNUSED_FUNCTION = YES;
				GCC_WARN_UNUSED_VARIABLE = YES;
				IPHONEOS_DEPLOYMENT_TARGET = 16.4;
				MTL_ENABLE_DEBUG_INFO = INCLUDE_SOURCE;
				MTL_FAST_MATH = YES;
				ONLY_ACTIVE_ARCH = YES;
				SDKROOT = iphoneos;
				SWIFT_ACTIVE_COMPILATION_CONDITIONS = DEBUG;
				SWIFT_OPTIMIZATION_LEVEL = "-Onone";
			};
			name = Debug;
		};
		43DCCB662AF88BF0009A4528 /* Release */ = {
			isa = XCBuildConfiguration;
			buildSettings = {
				ALWAYS_SEARCH_USER_PATHS = NO;
				CLANG_ANALYZER_NONNULL = YES;
				CLANG_ANALYZER_NUMBER_OBJECT_CONVERSION = YES_AGGRESSIVE;
				CLANG_CXX_LANGUAGE_STANDARD = "gnu++20";
				CLANG_ENABLE_MODULES = YES;
				CLANG_ENABLE_OBJC_ARC = YES;
				CLANG_ENABLE_OBJC_WEAK = YES;
				CLANG_WARN_BLOCK_CAPTURE_AUTORELEASING = YES;
				CLANG_WARN_BOOL_CONVERSION = YES;
				CLANG_WARN_COMMA = YES;
				CLANG_WARN_CONSTANT_CONVERSION = YES;
				CLANG_WARN_DEPRECATED_OBJC_IMPLEMENTATIONS = YES;
				CLANG_WARN_DIRECT_OBJC_ISA_USAGE = YES_ERROR;
				CLANG_WARN_DOCUMENTATION_COMMENTS = YES;
				CLANG_WARN_EMPTY_BODY = YES;
				CLANG_WARN_ENUM_CONVERSION = YES;
				CLANG_WARN_INFINITE_RECURSION = YES;
				CLANG_WARN_INT_CONVERSION = YES;
				CLANG_WARN_NON_LITERAL_NULL_CONVERSION = YES;
				CLANG_WARN_OBJC_IMPLICIT_RETAIN_SELF = YES;
				CLANG_WARN_OBJC_LITERAL_CONVERSION = YES;
				CLANG_WARN_OBJC_ROOT_CLASS = YES_ERROR;
				CLANG_WARN_QUOTED_INCLUDE_IN_FRAMEWORK_HEADER = YES;
				CLANG_WARN_RANGE_LOOP_ANALYSIS = YES;
				CLANG_WARN_STRICT_PROTOTYPES = YES;
				CLANG_WARN_SUSPICIOUS_MOVE = YES;
				CLANG_WARN_UNGUARDED_AVAILABILITY = YES_AGGRESSIVE;
				CLANG_WARN_UNREACHABLE_CODE = YES;
				CLANG_WARN__DUPLICATE_METHOD_MATCH = YES;
				COPY_PHASE_STRIP = NO;
				DEBUG_INFORMATION_FORMAT = "dwarf-with-dsym";
				ENABLE_NS_ASSERTIONS = NO;
				ENABLE_STRICT_OBJC_MSGSEND = YES;
				GCC_C_LANGUAGE_STANDARD = gnu11;
				GCC_NO_COMMON_BLOCKS = YES;
				GCC_WARN_64_TO_32_BIT_CONVERSION = YES;
				GCC_WARN_ABOUT_RETURN_TYPE = YES_ERROR;
				GCC_WARN_UNDECLARED_SELECTOR = YES;
				GCC_WARN_UNINITIALIZED_AUTOS = YES_AGGRESSIVE;
				GCC_WARN_UNUSED_FUNCTION = YES;
				GCC_WARN_UNUSED_VARIABLE = YES;
				IPHONEOS_DEPLOYMENT_TARGET = 16.4;
				MTL_ENABLE_DEBUG_INFO = NO;
				MTL_FAST_MATH = YES;
				SDKROOT = iphoneos;
				SWIFT_COMPILATION_MODE = wholemodule;
				SWIFT_OPTIMIZATION_LEVEL = "-O";
				VALIDATE_PRODUCT = YES;
			};
			name = Release;
		};
		43DCCB682AF88BF0009A4528 /* Debug */ = {
			isa = XCBuildConfiguration;
			buildSettings = {
				ASSETCATALOG_COMPILER_APPICON_NAME = AppIcon;
				ASSETCATALOG_COMPILER_GLOBAL_ACCENT_COLOR_NAME = AccentColor;
				CODE_SIGN_STYLE = Automatic;
				CURRENT_PROJECT_VERSION = 1;
				DEVELOPMENT_TEAM = YSPK39D292;
				GENERATE_INFOPLIST_FILE = YES;
				INFOPLIST_FILE = CollectionCompositionalLayout/Info.plist;
				INFOPLIST_KEY_UIApplicationSupportsIndirectInputEvents = YES;
				INFOPLIST_KEY_UILaunchStoryboardName = LaunchScreen;
				INFOPLIST_KEY_UIMainStoryboardFile = Main;
				INFOPLIST_KEY_UISupportedInterfaceOrientations_iPad = "UIInterfaceOrientationPortrait UIInterfaceOrientationPortraitUpsideDown UIInterfaceOrientationLandscapeLeft UIInterfaceOrientationLandscapeRight";
				INFOPLIST_KEY_UISupportedInterfaceOrientations_iPhone = "UIInterfaceOrientationPortrait UIInterfaceOrientationLandscapeLeft UIInterfaceOrientationLandscapeRight";
				LD_RUNPATH_SEARCH_PATHS = (
					"$(inherited)",
					"@executable_path/Frameworks",
				);
				MARKETING_VERSION = 1.0;
				PRODUCT_BUNDLE_IDENTIFIER = ashraf.ios.CollectionCompositionalLayout;
				PRODUCT_NAME = "$(TARGET_NAME)";
				SWIFT_EMIT_LOC_STRINGS = YES;
				SWIFT_VERSION = 5.0;
				TARGETED_DEVICE_FAMILY = "1,2";
			};
			name = Debug;
		};
		43DCCB692AF88BF0009A4528 /* Release */ = {
			isa = XCBuildConfiguration;
			buildSettings = {
				ASSETCATALOG_COMPILER_APPICON_NAME = AppIcon;
				ASSETCATALOG_COMPILER_GLOBAL_ACCENT_COLOR_NAME = AccentColor;
				CODE_SIGN_STYLE = Automatic;
				CURRENT_PROJECT_VERSION = 1;
				DEVELOPMENT_TEAM = YSPK39D292;
				GENERATE_INFOPLIST_FILE = YES;
				INFOPLIST_FILE = CollectionCompositionalLayout/Info.plist;
				INFOPLIST_KEY_UIApplicationSupportsIndirectInputEvents = YES;
				INFOPLIST_KEY_UILaunchStoryboardName = LaunchScreen;
				INFOPLIST_KEY_UIMainStoryboardFile = Main;
				INFOPLIST_KEY_UISupportedInterfaceOrientations_iPad = "UIInterfaceOrientationPortrait UIInterfaceOrientationPortraitUpsideDown UIInterfaceOrientationLandscapeLeft UIInterfaceOrientationLandscapeRight";
				INFOPLIST_KEY_UISupportedInterfaceOrientations_iPhone = "UIInterfaceOrientationPortrait UIInterfaceOrientationLandscapeLeft UIInterfaceOrientationLandscapeRight";
				LD_RUNPATH_SEARCH_PATHS = (
					"$(inherited)",
					"@executable_path/Frameworks",
				);
				MARKETING_VERSION = 1.0;
				PRODUCT_BUNDLE_IDENTIFIER = ashraf.ios.CollectionCompositionalLayout;
				PRODUCT_NAME = "$(TARGET_NAME)";
				SWIFT_EMIT_LOC_STRINGS = YES;
				SWIFT_VERSION = 5.0;
				TARGETED_DEVICE_FAMILY = "1,2";
			};
			name = Release;
		};
		43DCCB6B2AF88BF0009A4528 /* Debug */ = {
			isa = XCBuildConfiguration;
			buildSettings = {
				ALWAYS_EMBED_SWIFT_STANDARD_LIBRARIES = YES;
				BUNDLE_LOADER = "$(TEST_HOST)";
				CODE_SIGN_STYLE = Automatic;
				CURRENT_PROJECT_VERSION = 1;
				DEVELOPMENT_TEAM = YSPK39D292;
				GENERATE_INFOPLIST_FILE = YES;
				IPHONEOS_DEPLOYMENT_TARGET = 16.4;
				MARKETING_VERSION = 1.0;
				PRODUCT_BUNDLE_IDENTIFIER = ashraf.ios.CollectionCompositionalLayoutTests;
				PRODUCT_NAME = "$(TARGET_NAME)";
				SWIFT_EMIT_LOC_STRINGS = NO;
				SWIFT_VERSION = 5.0;
				TARGETED_DEVICE_FAMILY = "1,2";
				TEST_HOST = "$(BUILT_PRODUCTS_DIR)/CollectionCompositionalLayout.app/$(BUNDLE_EXECUTABLE_FOLDER_PATH)/CollectionCompositionalLayout";
			};
			name = Debug;
		};
		43DCCB6C2AF88BF0009A4528 /* Release */ = {
			isa = XCBuildConfiguration;
			buildSettings = {
				ALWAYS_EMBED_SWIFT_STANDARD_LIBRARIES = YES;
				BUNDLE_LOADER = "$(TEST_HOST)";
				CODE_SIGN_STYLE = Automatic;
				CURRENT_PROJECT_VERSION = 1;
				DEVELOPMENT_TEAM = YSPK39D292;
				GENERATE_INFOPLIST_FILE = YES;
				IPHONEOS_DEPLOYMENT_TARGET = 16.4;
				MARKETING_VERSION = 1.0;
				PRODUCT_BUNDLE_IDENTIFIER = ashraf.ios.CollectionCompositionalLayoutTests;
				PRODUCT_NAME = "$(TARGET_NAME)";
				SWIFT_EMIT_LOC_STRINGS = NO;
				SWIFT_VERSION = 5.0;
				TARGETED_DEVICE_FAMILY = "1,2";
				TEST_HOST = "$(BUILT_PRODUCTS_DIR)/CollectionCompositionalLayout.app/$(BUNDLE_EXECUTABLE_FOLDER_PATH)/CollectionCompositionalLayout";
			};
			name = Release;
		};
		43DCCB6E2AF88BF0009A4528 /* Debug */ = {
			isa = XCBuildConfiguration;
			buildSettings = {
				ALWAYS_EMBED_SWIFT_STANDARD_LIBRARIES = YES;
				CODE_SIGN_STYLE = Automatic;
				CURRENT_PROJECT_VERSION = 1;
				DEVELOPMENT_TEAM = YSPK39D292;
				GENERATE_INFOPLIST_FILE = YES;
				MARKETING_VERSION = 1.0;
				PRODUCT_BUNDLE_IDENTIFIER = ashraf.ios.CollectionCompositionalLayoutUITests;
				PRODUCT_NAME = "$(TARGET_NAME)";
				SWIFT_EMIT_LOC_STRINGS = NO;
				SWIFT_VERSION = 5.0;
				TARGETED_DEVICE_FAMILY = "1,2";
				TEST_TARGET_NAME = CollectionCompositionalLayout;
			};
			name = Debug;
		};
		43DCCB6F2AF88BF0009A4528 /* Release */ = {
			isa = XCBuildConfiguration;
			buildSettings = {
				ALWAYS_EMBED_SWIFT_STANDARD_LIBRARIES = YES;
				CODE_SIGN_STYLE = Automatic;
				CURRENT_PROJECT_VERSION = 1;
				DEVELOPMENT_TEAM = YSPK39D292;
				GENERATE_INFOPLIST_FILE = YES;
				MARKETING_VERSION = 1.0;
				PRODUCT_BUNDLE_IDENTIFIER = ashraf.ios.CollectionCompositionalLayoutUITests;
				PRODUCT_NAME = "$(TARGET_NAME)";
				SWIFT_EMIT_LOC_STRINGS = NO;
				SWIFT_VERSION = 5.0;
				TARGETED_DEVICE_FAMILY = "1,2";
				TEST_TARGET_NAME = CollectionCompositionalLayout;
			};
			name = Release;
		};
/* End XCBuildConfiguration section */

/* Begin XCConfigurationList section */
		43DCCB382AF88BEE009A4528 /* Build configuration list for PBXProject "CollectionCompositionalLayout" */ = {
			isa = XCConfigurationList;
			buildConfigurations = (
				43DCCB652AF88BF0009A4528 /* Debug */,
				43DCCB662AF88BF0009A4528 /* Release */,
			);
			defaultConfigurationIsVisible = 0;
			defaultConfigurationName = Release;
		};
		43DCCB672AF88BF0009A4528 /* Build configuration list for PBXNativeTarget "CollectionCompositionalLayout" */ = {
			isa = XCConfigurationList;
			buildConfigurations = (
				43DCCB682AF88BF0009A4528 /* Debug */,
				43DCCB692AF88BF0009A4528 /* Release */,
			);
			defaultConfigurationIsVisible = 0;
			defaultConfigurationName = Release;
		};
		43DCCB6A2AF88BF0009A4528 /* Build configuration list for PBXNativeTarget "CollectionCompositionalLayoutTests" */ = {
			isa = XCConfigurationList;
			buildConfigurations = (
				43DCCB6B2AF88BF0009A4528 /* Debug */,
				43DCCB6C2AF88BF0009A4528 /* Release */,
			);
			defaultConfigurationIsVisible = 0;
			defaultConfigurationName = Release;
		};
		43DCCB6D2AF88BF0009A4528 /* Build configuration list for PBXNativeTarget "CollectionCompositionalLayoutUITests" */ = {
			isa = XCConfigurationList;
			buildConfigurations = (
				43DCCB6E2AF88BF0009A4528 /* Debug */,
				43DCCB6F2AF88BF0009A4528 /* Release */,
			);
			defaultConfigurationIsVisible = 0;
			defaultConfigurationName = Release;
		};
/* End XCConfigurationList section */
	};
	rootObject = 43DCCB352AF88BEE009A4528 /* Project object */;
}
